
Microsoft Visual Studio Solution File, Format Version 12.00
# Visual Studio Version 17
VisualStudioVersion = 17.0.32014.148
MinimumVisualStudioVersion = 10.0.40219.1
Project("{9A19103F-16F7-4668-BE54-9A1E7A4F7556}") = "Sparky", "Sparky\Sparky.csproj", "{81F94DF5-6D4B-4884-8F48-5B7939E75964}"
EndProject
Project("{9A19103F-16F7-4668-BE54-9A1E7A4F7556}") = "SparkyMSTest", "SparkyMSTest\SparkyMSTest.csproj", "{334C043A-0321-4224-8A4D-44655B480713}"
EndProject
Project("{9A19103F-16F7-4668-BE54-9A1E7A4F7556}") = "SparkyNUnitTest", "SparkyNUnitTest\SparkyNUnitTest.csproj", "{F298D6C1-4F6F-4B49-95FA-07607B06C749}"
EndProject
Project("{9A19103F-16F7-4668-BE54-9A1E7A4F7556}") = "SparkyXUnit", "SparkyXUnit\SparkyXUnit.csproj", "{935BCB9D-C4A4-4A20-A00C-AB5C2E0A6190}"
EndProject
Project("{2150E333-8FDC-42A3-9474-1A3956D46DE8}") = "Basic Fundation", "Basic Fundation", "{D9539066-9974-4CC5-A030-83EF97C86ED6}"
EndProject
Project("{2150E333-8FDC-42A3-9474-1A3956D46DE8}") = "BongoWeb", "BongoWeb", "{C44B686D-B821-4563-A707-31A674C37C5E}"
EndProject
Project("{9A19103F-16F7-4668-BE54-9A1E7A4F7556}") = "Bongo.Core", "..\Sparky-master\Sparky-master\Bongo_InitialSetup (.NET 6)\Bongo.Core\Bongo.Core.csproj", "{F4F19D53-A073-4DA8-A73D-8CAA3C6EA92E}"
EndProject
Project("{9A19103F-16F7-4668-BE54-9A1E7A4F7556}") = "Bongo.DataAccess", "..\Sparky-master\Sparky-master\Bongo_InitialSetup (.NET 6)\Bongo.DataAccess\Bongo.DataAccess.csproj", "{F762CBED-FCB8-471D-9053-E5397FC90B55}"
EndProject
Project("{9A19103F-16F7-4668-BE54-9A1E7A4F7556}") = "Bongo.Models", "..\Sparky-master\Sparky-master\Bongo_InitialSetup (.NET 6)\Bongo.Models\Bongo.Models.csproj", "{CACED24D-BB5A-43A1-B8E3-7D8AA56341E8}"
EndProject
Project("{9A19103F-16F7-4668-BE54-9A1E7A4F7556}") = "Bongo.Web", "..\Sparky-master\Sparky-master\Bongo_InitialSetup (.NET 6)\Bongo.Web\Bongo.Web.csproj", "{9454E163-AA98-4C83-B255-E06ED46F516B}"
EndProject
Project("{9A19103F-16F7-4668-BE54-9A1E7A4F7556}") = "Bongo.Models.Test", "Bongo.Models.Test\Bongo.Models.Test.csproj", "{E862034E-AC4D-4AB4-80F2-907568B96169}"
EndProject
Project("{9A19103F-16F7-4668-BE54-9A1E7A4F7556}") = "Bongo.DataAccess.Test", "Bongo.DataAccess.Test\Bongo.DataAccess.Test.csproj", "{7B49C6DA-64C2-47C6-821F-C899DB2A3859}"
EndProject
Project("{9A19103F-16F7-4668-BE54-9A1E7A4F7556}") = "Bongo.Core.Test", "Bongo.Core.Test\Bongo.Core.Test.csproj", "{E0AD3826-57D9-4051-86F0-73B86E54F61C}"
EndProject
Project("{FAE04EC0-301F-11D3-BF4B-00C04F79EFBC}") = "Bongo.Web.Test", "Bongo.Web.Test\Bongo.Web.Test.csproj", "{A193D120-AD21-4AB5-97F9-4E6303F41967}"
EndProject
Global
	GlobalSection(SolutionConfigurationPlatforms) = preSolution
		Debug|Any CPU = Debug|Any CPU
		Release|Any CPU = Release|Any CPU
	EndGlobalSection
	GlobalSection(ProjectConfigurationPlatforms) = postSolution
		{81F94DF5-6D4B-4884-8F48-5B7939E75964}.Debug|Any CPU.ActiveCfg = Debug|Any CPU
		{81F94DF5-6D4B-4884-8F48-5B7939E75964}.Debug|Any CPU.Build.0 = Debug|Any CPU
		{81F94DF5-6D4B-4884-8F48-5B7939E75964}.Release|Any CPU.ActiveCfg = Release|Any CPU
		{81F94DF5-6D4B-4884-8F48-5B7939E75964}.Release|Any CPU.Build.0 = Release|Any CPU
		{334C043A-0321-4224-8A4D-44655B480713}.Debug|Any CPU.ActiveCfg = Debug|Any CPU
		{334C043A-0321-4224-8A4D-44655B480713}.Debug|Any CPU.Build.0 = Debug|Any CPU
		{334C043A-0321-4224-8A4D-44655B480713}.Release|Any CPU.ActiveCfg = Release|Any CPU
		{334C043A-0321-4224-8A4D-44655B480713}.Release|Any CPU.Build.0 = Release|Any CPU
		{F298D6C1-4F6F-4B49-95FA-07607B06C749}.Debug|Any CPU.ActiveCfg = Debug|Any CPU
		{F298D6C1-4F6F-4B49-95FA-07607B06C749}.Debug|Any CPU.Build.0 = Debug|Any CPU
		{F298D6C1-4F6F-4B49-95FA-07607B06C749}.Release|Any CPU.ActiveCfg = Release|Any CPU
		{F298D6C1-4F6F-4B49-95FA-07607B06C749}.Release|Any CPU.Build.0 = Release|Any CPU
		{935BCB9D-C4A4-4A20-A00C-AB5C2E0A6190}.Debug|Any CPU.ActiveCfg = Debug|Any CPU
		{935BCB9D-C4A4-4A20-A00C-AB5C2E0A6190}.Debug|Any CPU.Build.0 = Debug|Any CPU
		{935BCB9D-C4A4-4A20-A00C-AB5C2E0A6190}.Release|Any CPU.ActiveCfg = Release|Any CPU
		{935BCB9D-C4A4-4A20-A00C-AB5C2E0A6190}.Release|Any CPU.Build.0 = Release|Any CPU
		{F4F19D53-A073-4DA8-A73D-8CAA3C6EA92E}.Debug|Any CPU.ActiveCfg = Debug|Any CPU
		{F4F19D53-A073-4DA8-A73D-8CAA3C6EA92E}.Debug|Any CPU.Build.0 = Debug|Any CPU
		{F4F19D53-A073-4DA8-A73D-8CAA3C6EA92E}.Release|Any CPU.ActiveCfg = Release|Any CPU
		{F4F19D53-A073-4DA8-A73D-8CAA3C6EA92E}.Release|Any CPU.Build.0 = Release|Any CPU
		{F762CBED-FCB8-471D-9053-E5397FC90B55}.Debug|Any CPU.ActiveCfg = Debug|Any CPU
		{F762CBED-FCB8-471D-9053-E5397FC90B55}.Debug|Any CPU.Build.0 = Debug|Any CPU
		{F762CBED-FCB8-471D-9053-E5397FC90B55}.Release|Any CPU.ActiveCfg = Release|Any CPU
		{F762CBED-FCB8-471D-9053-E5397FC90B55}.Release|Any CPU.Build.0 = Release|Any CPU
		{CACED24D-BB5A-43A1-B8E3-7D8AA56341E8}.Debug|Any CPU.ActiveCfg = Debug|Any CPU
		{CACED24D-BB5A-43A1-B8E3-7D8AA56341E8}.Debug|Any CPU.Build.0 = Debug|Any CPU
		{CACED24D-BB5A-43A1-B8E3-7D8AA56341E8}.Release|Any CPU.ActiveCfg = Release|Any CPU
		{CACED24D-BB5A-43A1-B8E3-7D8AA56341E8}.Release|Any CPU.Build.0 = Release|Any CPU
		{9454E163-AA98-4C83-B255-E06ED46F516B}.Debug|Any CPU.ActiveCfg = Debug|Any CPU
		{9454E163-AA98-4C83-B255-E06ED46F516B}.Debug|Any CPU.Build.0 = Debug|Any CPU
		{9454E163-AA98-4C83-B255-E06ED46F516B}.Release|Any CPU.ActiveCfg = Release|Any CPU
		{9454E163-AA98-4C83-B255-E06ED46F516B}.Release|Any CPU.Build.0 = Release|Any CPU
		{E862034E-AC4D-4AB4-80F2-907568B96169}.Debug|Any CPU.ActiveCfg = Debug|Any CPU
		{E862034E-AC4D-4AB4-80F2-907568B96169}.Debug|Any CPU.Build.0 = Debug|Any CPU
		{E862034E-AC4D-4AB4-80F2-907568B96169}.Release|Any CPU.ActiveCfg = Release|Any CPU
		{E862034E-AC4D-4AB4-80F2-907568B96169}.Release|Any CPU.Build.0 = Release|Any CPU
		{7B49C6DA-64C2-47C6-821F-C899DB2A3859}.Debug|Any CPU.ActiveCfg = Debug|Any CPU
		{7B49C6DA-64C2-47C6-821F-C899DB2A3859}.Debug|Any CPU.Build.0 = Debug|Any CPU
		{7B49C6DA-64C2-47C6-821F-C899DB2A3859}.Release|Any CPU.ActiveCfg = Release|Any CPU
		{7B49C6DA-64C2-47C6-821F-C899DB2A3859}.Release|Any CPU.Build.0 = Release|Any CPU
		{E0AD3826-57D9-4051-86F0-73B86E54F61C}.Debug|Any CPU.ActiveCfg = Debug|Any CPU
		{E0AD3826-57D9-4051-86F0-73B86E54F61C}.Debug|Any CPU.Build.0 = Debug|Any CPU
		{E0AD3826-57D9-4051-86F0-73B86E54F61C}.Release|Any CPU.ActiveCfg = Release|Any CPU
		{E0AD3826-57D9-4051-86F0-73B86E54F61C}.Release|Any CPU.Build.0 = Release|Any CPU
		{A193D120-AD21-4AB5-97F9-4E6303F41967}.Debug|Any CPU.ActiveCfg = Debug|Any CPU
		{A193D120-AD21-4AB5-97F9-4E6303F41967}.Debug|Any CPU.Build.0 = Debug|Any CPU
		{A193D120-AD21-4AB5-97F9-4E6303F41967}.Release|Any CPU.ActiveCfg = Release|Any CPU
		{A193D120-AD21-4AB5-97F9-4E6303F41967}.Release|Any CPU.Build.0 = Release|Any CPU
	EndGlobalSection
	GlobalSection(SolutionProperties) = preSolution
		HideSolutionNode = FALSE
	EndGlobalSection
	GlobalSection(NestedProjects) = preSolution
		{81F94DF5-6D4B-4884-8F48-5B7939E75964} = {D9539066-9974-4CC5-A030-83EF97C86ED6}
		{334C043A-0321-4224-8A4D-44655B480713} = {D9539066-9974-4CC5-A030-83EF97C86ED6}
		{F298D6C1-4F6F-4B49-95FA-07607B06C749} = {D9539066-9974-4CC5-A030-83EF97C86ED6}
		{935BCB9D-C4A4-4A20-A00C-AB5C2E0A6190} = {D9539066-9974-4CC5-A030-83EF97C86ED6}
		{F4F19D53-A073-4DA8-A73D-8CAA3C6EA92E} = {C44B686D-B821-4563-A707-31A674C37C5E}
		{F762CBED-FCB8-471D-9053-E5397FC90B55} = {C44B686D-B821-4563-A707-31A674C37C5E}
		{CACED24D-BB5A-43A1-B8E3-7D8AA56341E8} = {C44B686D-B821-4563-A707-31A674C37C5E}
		{9454E163-AA98-4C83-B255-E06ED46F516B} = {C44B686D-B821-4563-A707-31A674C37C5E}
		{E862034E-AC4D-4AB4-80F2-907568B96169} = {C44B686D-B821-4563-A707-31A674C37C5E}
		{7B49C6DA-64C2-47C6-821F-C899DB2A3859} = {C44B686D-B821-4563-A707-31A674C37C5E}
		{E0AD3826-57D9-4051-86F0-73B86E54F61C} = {C44B686D-B821-4563-A707-31A674C37C5E}
		{A193D120-AD21-4AB5-97F9-4E6303F41967} = {C44B686D-B821-4563-A707-31A674C37C5E}
	EndGlobalSection
	GlobalSection(ExtensibilityGlobals) = postSolution
		SolutionGuid = {4C3F44C2-F021-4AF9-9BF7-6D56F65FD4B0}
	EndGlobalSection
EndGlobal
